
Microsoft Visual Studio Solution File, Format Version 12.00
# Visual Studio Version 17
VisualStudioVersion = 17.2.32317.152
MinimumVisualStudioVersion = 10.0.40219.1
Project("{8BC9CEB8-8B4A-11D0-8D11-00A0C91BC942}") = "Benzene", "Benzene\Benzene.vcxproj", "{3A2DBCF5-A3AB-456D-8367-41D1F1E5E2B4}"
EndProject
Global
	GlobalSection(SolutionConfigurationPlatforms) = preSolution
		Release|x64 = Release|x64
		Release|x86 = Release|x86
	EndGlobalSection
	GlobalSection(ProjectConfigurationPlatforms) = postSolution
		{3A2DBCF5-A3AB-456D-8367-41D1F1E5E2B4}.Release|x64.ActiveCfg = Release|x64
		{3A2DBCF5-A3AB-456D-8367-41D1F1E5E2B4}.Release|x64.Build.0 = Release|x64
		{3A2DBCF5-A3AB-456D-8367-41D1F1E5E2B4}.Release|x86.ActiveCfg = Release|Win32
		{3A2DBCF5-A3AB-456D-8367-41D1F1E5E2B4}.Release|x86.Build.0 = Release|Win32
	EndGlobalSection
	GlobalSection(SolutionProperties) = preSolution
		HideSolutionNode = FALSE
	EndGlobalSection
	GlobalSection(ExtensibilityGlobals) = postSolution
		SolutionGuid = {B9ADE6F0-3297-4736-88CE-1135D1B5CAAC}
	EndGlobalSection
EndGlobal
